# This file is automatically @generated by Cargo.
# It is not intended for manual editing.
version = 4

[[package]]
name = "bit_field"
version = "0.10.3"
source = "registry+https://github.com/rust-lang/crates.io-index"
checksum = "1e4b40c7323adcfc0a41c4b88143ed58346ff65a288fc144329c5c45e05d70c6"

[[package]]
name = "bitflags"
version = "2.13.0"
source = "registry+https://github.com/rust-lang/crates.io-index"
checksum = "b4388bee8683e3d04af747c73422af53102d2bd24d9eadb6cbc100baef4b43f8"
dependencies = [
 "bytemuck",
]

[[package]]
name = "block-buffer"
version = "0.12.1"
source = "registry+https://github.com/rust-lang/crates.io-index"
checksum = "d2f6c7dbe95a6ed67ad9f18e57daf93a2f034c524b99fd2b76d18fdfeb6660aa"
dependencies = [
 "hybrid-array",
]

[[package]]
name = "bytemuck"
version = "1.25.2"
source = "registry+https://github.com/rust-lang/crates.io-index"
checksum = "95832e849adfb21180ccb6826a99da14e5d266ae5c2e668e1602cf234f153797"
dependencies = [
 "bytemuck_derive",
]

[[package]]
name = "bytemuck_derive"
version = "1.11.0"
source = "registry+https://github.com/rust-lang/crates.io-index"
checksum = "f65693059b6b9c588b9f62fed1cedbf0a8b805631457ea162d68f0de186f3de5"
dependencies = [
 "proc-macro2",
 "quote",
 "syn",
]

[[package]]
name = "cfg-if"
version = "1.0.4"
source = "registry+https://github.com/rust-lang/crates.io-index"
checksum = "9330f8b2ff13f34540b44e946ef35111825727b38d33286ef986142615121801"

[[package]]
name = "cpufeatures"
version = "0.3.0"
source = "registry+https://github.com/rust-lang/crates.io-index"
checksum = "8b2a41393f66f16b0823bb79094d54ac5fbd34ab292ddafb9a0456ac9f87d201"
dependencies = [
 "libc",
]

[[package]]
name = "crypto-common"
version = "0.2.2"
source = "registry+https://github.com/rust-lang/crates.io-index"
checksum = "ce6e4c961d6cd6c9a86db418387425e8bdeaf05b3c8bc1411e6dca4c252f1453"
dependencies = [
 "hybrid-array",
]

[[package]]
name = "digest"
version = "0.11.3"
source = "registry+https://github.com/rust-lang/crates.io-index"
checksum = "f1dd6dbb5841937940781866fa1281a1ff7bd3bf827091440879f9994983d5c2"
dependencies = [
 "block-buffer",
 "crypto-common",
]

[[package]]
name = "endian-num"
version = "0.2.0"
source = "registry+https://github.com/rust-lang/crates.io-index"
checksum = "2b4a54dfedecb1dc004776a597db0c858cf6c31579296734511309291b8399ce"
dependencies = [
 "bytemuck",
 "bytemuck_derive",
]

[[package]]
name = "hadris-common"
version = "1.2.1"
source = "registry+https://github.com/rust-lang/crates.io-index"
checksum = "69865bf6659f52a005745c4b92c556950135c0759796b58e6d34914c077e6a40"
dependencies = [
 "bytemuck",
 "hadris-io",
 "noalloc",
 "zerocopy",
]

[[package]]
name = "hadris-io"
version = "1.2.1"
source = "registry+https://github.com/rust-lang/crates.io-index"
checksum = "ee996c28ddacd8bc6a9ad0fcb033fa1d50cfd37bbc101dcf711109139e750d2b"
dependencies = [
 "bytemuck",
 "cfg-if",
]

[[package]]
name = "hadris-iso"
version = "1.2.1"
source = "registry+https://github.com/rust-lang/crates.io-index"
checksum = "59c193da4384689a5f4baed1ff6f36c9d1466eddac2aec74699c3f2bdec763b1"
dependencies = [
 "bitflags",
 "bytemuck",
 "hadris-common",
 "hadris-io",
 "hadris-macros",
 "hadris-part",
 "spin",
]

[[package]]
name = "hadris-macros"
version = "1.2.1"
source = "registry+https://github.com/rust-lang/crates.io-index"
checksum = "e6c8bae1a295c4f8753ae8dea0ae0b79d03f737dcc8bf4deb3c7ee876468f437"
dependencies = [
 "proc-macro2",
]

[[package]]
name = "hadris-part"
version = "1.2.1"
source = "registry+https://github.com/rust-lang/crates.io-index"
checksum = "fa95f2f83212549ec4421a4fbd0a0eb4b0b20f8a27d48b71b5dcd7b987752edf"
dependencies = [
 "bytemuck",
 "endian-num",
 "hadris-io",
 "hadris-macros",
]

[[package]]
name = "hybrid-array"
version = "0.4.14"
source = "registry+https://github.com/rust-lang/crates.io-index"
checksum = "707114b52a152fa7bdb290cd7cd5912d9467273b6d74e21b8d81aca1f8533f6b"
dependencies = [
 "typenum",
]

[[package]]
name = "libc"
version = "0.2.189"
source = "registry+https://github.com/rust-lang/crates.io-index"
checksum = "3eaf3ede3fee6db1a4c2ee091bf8a8b4dccdc6d17f656fb07896ee72867612f2"

[[package]]
name = "lock_api"
version = "0.4.14"
source = "registry+https://github.com/rust-lang/crates.io-index"
checksum = "224399e74b87b5f3557511d98dff8b14089b3dadafcab6bb93eab67d3aace965"
dependencies = [
 "scopeguard",
]

[[package]]
name = "log"
version = "0.4.33"
source = "registry+https://github.com/rust-lang/crates.io-index"
checksum = "0ceec5bc11778974d1bcb055b18002eba7f4b3518b6a0081b3af5f21666da9ad"

[[package]]
name = "noalloc"
version = "0.0.1"
source = "registry+https://github.com/rust-lang/crates.io-index"
checksum = "5a2537501480803dd22fbd79a39ea83318caba3ba936f7554f7139f4180faa94"

[[package]]
name = "proc-macro2"
version = "1.0.106"
source = "registry+https://github.com/rust-lang/crates.io-index"
checksum = "8fd00f0bb2e90d81d1044c2b32617f68fcb9fa3bb7640c23e9c748e53fb30934"
dependencies = [
 "unicode-ident",
]

[[package]]
name = "ptr_meta"
version = "0.3.1"
source = "registry+https://github.com/rust-lang/crates.io-index"
checksum = "0b9a0cf95a1196af61d4f1cbdab967179516d9a4a4312af1f31948f8f6224a79"
dependencies = [
 "ptr_meta_derive",
]

[[package]]
name = "ptr_meta_derive"
version = "0.3.1"
source = "registry+https://github.com/rust-lang/crates.io-index"
checksum = "7347867d0a7e1208d93b46767be83e2b8f978c3dad35f775ac8d8847551d6fe1"
dependencies = [
 "proc-macro2",
 "quote",
 "syn",
]

[[package]]
name = "quote"
version = "1.0.46"
source = "registry+https://github.com/rust-lang/crates.io-index"
checksum = "dfbc457d0c7a0759a614551b11a6409e5951f6c7537be1f1b7682b9ae9230368"
dependencies = [
 "proc-macro2",
]

[[package]]
name = "rsboot"
version = "0.1.0"
dependencies = [
 "hadris-io",
 "hadris-iso",
 "log",
 "sha2",
 "uefi",
]

[[package]]
name = "scopeguard"
version = "1.2.0"
source = "registry+https://github.com/rust-lang/crates.io-index"
checksum = "94143f37725109f92c262ed2cf5e59bce7498c01bcc1502d7b9afe439a4e9f49"

[[package]]
name = "sha2"
version = "0.11.0"
source = "registry+https://github.com/rust-lang/crates.io-index"
checksum = "446ba717509524cb3f22f17ecc096f10f4822d76ab5c0b9822c5f9c284e825f4"
dependencies = [
 "cfg-if",
 "cpufeatures",
 "digest",
]

[[package]]
name = "spin"
version = "0.10.1"
source = "registry+https://github.com/rust-lang/crates.io-index"
checksum = "023a211cb3138dbc438680b32560ad89f699977624c9f8dbb95a47d5b4c07dd3"
dependencies = [
 "lock_api",
]

[[package]]
name = "syn"
version = "2.0.118"
source = "registry+https://github.com/rust-lang/crates.io-index"
checksum = "1b9ae57f904213ebb649ce6895b8a66c66f0203b9319718f69a5612a065b1422"
dependencies = [
 "proc-macro2",
 "quote",
 "unicode-ident",
]

[[package]]
name = "typenum"
version = "1.20.1"
source = "registry+https://github.com/rust-lang/crates.io-index"
checksum = "b6f5e870be6c3b371b77fe0ee0bafb859fa4964b4404c27de1d380043c4dda20"

[[package]]
name = "ucs2"
version = "0.3.3"
source = "registry+https://github.com/rust-lang/crates.io-index"
checksum = "df79298e11f316400c57ec268f3c2c29ac3c4d4777687955cd3d4f3a35ce7eba"
dependencies = [
 "bit_field",
]

[[package]]
name = "uefi"
version = "0.39.0"
source = "registry+https://github.com/rust-lang/crates.io-index"
checksum = "a58ad7512f7c38b58aa536c3839dbb1d5a122d14a7e2245b06ded49edcb7585a"
dependencies = [
 "bitflags",
 "cfg-if",
 "log",
 "ptr_meta",
 "ucs2",
 "uefi-macros",
 "uefi-raw",
 "uguid",
]

[[package]]
name = "uefi-macros"
version = "0.19.0"
source = "registry+https://github.com/rust-lang/crates.io-index"
checksum = "4687412b5ac74d245d5bfb1733ede50c31be19bf8a4b6a967a29b451bab49e67"
dependencies = [
 "proc-macro2",
 "quote",
 "syn",
]

[[package]]
name = "uefi-raw"
version = "0.15.1"
source = "registry+https://github.com/rust-lang/crates.io-index"
checksum = "1a36f49db0b04a8dfd246a26ddf8d2526a2ffd8cf946ae7fe603fd0c5fbd2786"
dependencies = [
 "bitflags",
 "uguid",
]

[[package]]
name = "uguid"
version = "2.2.1"
source = "registry+https://github.com/rust-lang/crates.io-index"
checksum = "0c8352f8c05e47892e7eaf13b34abd76a7f4aeaf817b716e88789381927f199c"

[[package]]
name = "unicode-ident"
version = "1.0.24"
source = "registry+https://github.com/rust-lang/crates.io-index"
checksum = "e6e4313cd5fcd3dad5cafa179702e2b244f760991f45397d14d4ebf38247da75"

[[package]]
name = "zerocopy"
version = "0.8.55"
source = "registry+https://github.com/rust-lang/crates.io-index"
checksum = "b5a105cd7b140f6eeec8acff2ea38135d3cab283ada58540f629fe51e46696eb"
dependencies = [
 "zerocopy-derive",
]

[[package]]
name = "zerocopy-derive"
version = "0.8.55"
source = "registry+https://github.com/rust-lang/crates.io-index"
checksum = "0fe976fb70c78cd64cccfe3a6fc142244e8a77b70959b30faf9d0ac37ee228eb"
dependencies = [
 "proc-macro2",
 "quote",
 "syn",
]
